
Microsoft Visual Studio Solution File, Format Version 12.00
# Visual Studio Version 16
VisualStudioVersion = 16.0.32630.194
MinimumVisualStudioVersion = 10.0.40219.1
Project("{FAE04EC0-301F-11D3-BF4B-00C04F79EFBC}") = "FilterOverideInMVC", "FilterOverideInMVC\FilterOverideInMVC.csproj", "{D3372E94-F3EF-491F-8EED-6058C67A7B25}"
EndProject
Global
	GlobalSection(SolutionConfigurationPlatforms) = preSolution
		Debug|Any CPU = Debug|Any CPU
		Release|Any CPU = Release|Any CPU
	EndGlobalSection
	GlobalSection(ProjectConfigurationPlatforms) = postSolution
		{D3372E94-F3EF-491F-8EED-6058C67A7B25}.Debug|Any CPU.ActiveCfg = Debug|Any CPU
		{D3372E94-F3EF-491F-8EED-6058C67A7B25}.Debug|Any CPU.Build.0 = Debug|Any CPU
		{D3372E94-F3EF-491F-8EED-6058C67A7B25}.Release|Any CPU.ActiveCfg = Release|Any CPU
		{D3372E94-F3EF-491F-8EED-6058C67A7B25}.Release|Any CPU.Build.0 = Release|Any CPU
	EndGlobalSection
	GlobalSection(SolutionProperties) = preSolution
		HideSolutionNode = FALSE
	EndGlobalSection
	GlobalSection(ExtensibilityGlobals) = postSolution
		SolutionGuid = {F1E6E2BD-0B39-4319-8962-F754E014D6ED}
	EndGlobalSection
EndGlobal
