
Microsoft Visual Studio Solution File, Format Version 12.00
# Visual Studio Version 16
VisualStudioVersion = 16.0.32630.194
MinimumVisualStudioVersion = 10.0.40219.1
Project("{FAE04EC0-301F-11D3-BF4B-00C04F79EFBC}") = "ExceptionFilterInMVC", "ExceptionFilterInMVC\ExceptionFilterInMVC.csproj", "{F712038F-B5F7-43F0-8680-08208F7C7387}"
EndProject
Global
	GlobalSection(SolutionConfigurationPlatforms) = preSolution
		Debug|Any CPU = Debug|Any CPU
		Release|Any CPU = Release|Any CPU
	EndGlobalSection
	GlobalSection(ProjectConfigurationPlatforms) = postSolution
		{F712038F-B5F7-43F0-8680-08208F7C7387}.Debug|Any CPU.ActiveCfg = Debug|Any CPU
		{F712038F-B5F7-43F0-8680-08208F7C7387}.Debug|Any CPU.Build.0 = Debug|Any CPU
		{F712038F-B5F7-43F0-8680-08208F7C7387}.Release|Any CPU.ActiveCfg = Release|Any CPU
		{F712038F-B5F7-43F0-8680-08208F7C7387}.Release|Any CPU.Build.0 = Release|Any CPU
	EndGlobalSection
	GlobalSection(SolutionProperties) = preSolution
		HideSolutionNode = FALSE
	EndGlobalSection
	GlobalSection(ExtensibilityGlobals) = postSolution
		SolutionGuid = {CE415229-B2A9-4837-A1BC-51A968779546}
	EndGlobalSection
EndGlobal
