
Microsoft Visual Studio Solution File, Format Version 12.00
# Visual Studio Version 16
VisualStudioVersion = 16.0.32630.194
MinimumVisualStudioVersion = 10.0.40219.1
Project("{FAE04EC0-301F-11D3-BF4B-00C04F79EFBC}") = "SecurityDemoInMVC", "SecurityDemoInMVC\SecurityDemoInMVC.csproj", "{F4FBDFFF-C095-4587-B2D5-156EFFD41E6B}"
EndProject
Global
	GlobalSection(SolutionConfigurationPlatforms) = preSolution
		Debug|Any CPU = Debug|Any CPU
		Release|Any CPU = Release|Any CPU
	EndGlobalSection
	GlobalSection(ProjectConfigurationPlatforms) = postSolution
		{F4FBDFFF-C095-4587-B2D5-156EFFD41E6B}.Debug|Any CPU.ActiveCfg = Debug|Any CPU
		{F4FBDFFF-C095-4587-B2D5-156EFFD41E6B}.Debug|Any CPU.Build.0 = Debug|Any CPU
		{F4FBDFFF-C095-4587-B2D5-156EFFD41E6B}.Release|Any CPU.ActiveCfg = Release|Any CPU
		{F4FBDFFF-C095-4587-B2D5-156EFFD41E6B}.Release|Any CPU.Build.0 = Release|Any CPU
	EndGlobalSection
	GlobalSection(SolutionProperties) = preSolution
		HideSolutionNode = FALSE
	EndGlobalSection
	GlobalSection(ExtensibilityGlobals) = postSolution
		SolutionGuid = {BB84153D-EE64-482D-AD66-AA7DA144F55A}
	EndGlobalSection
EndGlobal
